
Microsoft Visual Studio Solution File, Format Version 12.00
# Visual Studio Version 17
VisualStudioVersion = 17.0.31903.59
MinimumVisualStudioVersion = 10.0.40219.1
Project("{2150E333-8FDC-42A3-9474-1A3956D46DE8}") = "src", "src", "{AF0D584B-A982-49EE-97B0-97C4A673C29D}"
EndProject
Project("{FAE04EC0-301F-11D3-BF4B-00C04F79EFBC}") = "MiniMonitor.Contracts", "src\MiniMonitor.Contracts\MiniMonitor.Contracts.csproj", "{6CEB8D09-1B66-43E0-8473-1EE1451E2909}"
EndProject
Project("{FAE04EC0-301F-11D3-BF4B-00C04F79EFBC}") = "MiniMonitor.Api", "src\MiniMonitor.Api\MiniMonitor.Api.csproj", "{BE5AE91A-4102-4906-BE1F-1F392E22F679}"
EndProject
Global
	GlobalSection(SolutionConfigurationPlatforms) = preSolution
		Debug|Any CPU = Debug|Any CPU
		Release|Any CPU = Release|Any CPU
	EndGlobalSection
	GlobalSection(SolutionProperties) = preSolution
		HideSolutionNode = FALSE
	EndGlobalSection
	GlobalSection(ProjectConfigurationPlatforms) = postSolution
		{6CEB8D09-1B66-43E0-8473-1EE1451E2909}.Debug|Any CPU.ActiveCfg = Debug|Any CPU
		{6CEB8D09-1B66-43E0-8473-1EE1451E2909}.Debug|Any CPU.Build.0 = Debug|Any CPU
		{6CEB8D09-1B66-43E0-8473-1EE1451E2909}.Release|Any CPU.ActiveCfg = Release|Any CPU
		{6CEB8D09-1B66-43E0-8473-1EE1451E2909}.Release|Any CPU.Build.0 = Release|Any CPU
		{BE5AE91A-4102-4906-BE1F-1F392E22F679}.Debug|Any CPU.ActiveCfg = Debug|Any CPU
		{BE5AE91A-4102-4906-BE1F-1F392E22F679}.Debug|Any CPU.Build.0 = Debug|Any CPU
		{BE5AE91A-4102-4906-BE1F-1F392E22F679}.Release|Any CPU.ActiveCfg = Release|Any CPU
		{BE5AE91A-4102-4906-BE1F-1F392E22F679}.Release|Any CPU.Build.0 = Release|Any CPU
	EndGlobalSection
	GlobalSection(NestedProjects) = preSolution
		{6CEB8D09-1B66-43E0-8473-1EE1451E2909} = {AF0D584B-A982-49EE-97B0-97C4A673C29D}
		{BE5AE91A-4102-4906-BE1F-1F392E22F679} = {AF0D584B-A982-49EE-97B0-97C4A673C29D}
	EndGlobalSection
EndGlobal
